{
  "projects": [
    {
      "projectId": "juVZkpy6GyNsQ7cQcnMtYR",
      "version": "latest",
      "dependencies": {},
      "lang": "js",
      "fileLocks": [
        {
          "type": "globalVariant",
          "assetId": "RaGy9YoyxeH2",
          "checksum": "a97ae00160a00ccf171c87f88639d93c"
        },
        {
          "assetId": "juVZkpy6GyNsQ7cQcnMtYR",
          "type": "projectCss",
          "checksum": "e5f082c27cdfaf2c022c1b98948b24b3"
        },
        {
          "type": "renderModule",
          "assetId": "xebX2QI6jmIq",
          "checksum": "be8c9d5a129575c372152e6fc28058c9"
        },
        {
          "type": "cssRules",
          "assetId": "xebX2QI6jmIq",
          "checksum": "be8c9d5a129575c372152e6fc28058c9"
        },
        {
          "type": "renderModule",
          "assetId": "NjqIRJcP1PtR",
          "checksum": "1b00569a43f8642f5d16927e02c06309"
        },
        {
          "type": "cssRules",
          "assetId": "NjqIRJcP1PtR",
          "checksum": "1b00569a43f8642f5d16927e02c06309"
        },
        {
          "type": "renderModule",
          "assetId": "hl1a0oV_dA0U",
          "checksum": "95576c70e5199447b4c09f4e87bb82a1"
        },
        {
          "type": "cssRules",
          "assetId": "hl1a0oV_dA0U",
          "checksum": "95576c70e5199447b4c09f4e87bb82a1"
        },
        {
          "type": "renderModule",
          "assetId": "CDGk2Wk5NWDU",
          "checksum": "50afae9ad54f27c2c6ff1d86a921c6a8"
        },
        {
          "type": "cssRules",
          "assetId": "CDGk2Wk5NWDU",
          "checksum": "50afae9ad54f27c2c6ff1d86a921c6a8"
        },
        {
          "type": "renderModule",
          "assetId": "RUZiTDz2Bsdr",
          "checksum": "e18d41b5f1e76296222b7030588d9ac9"
        },
        {
          "type": "cssRules",
          "assetId": "RUZiTDz2Bsdr",
          "checksum": "e18d41b5f1e76296222b7030588d9ac9"
        },
        {
          "type": "renderModule",
          "assetId": "51o3qbKtlL1c",
          "checksum": "f964f879a2a740bb85f0a8c6a619f02b"
        },
        {
          "type": "cssRules",
          "assetId": "51o3qbKtlL1c",
          "checksum": "f964f879a2a740bb85f0a8c6a619f02b"
        },
        {
          "type": "renderModule",
          "assetId": "BBeltRLt0kLU",
          "checksum": "a16d5583861bedecdd0e594d5fdf9b21"
        },
        {
          "type": "cssRules",
          "assetId": "BBeltRLt0kLU",
          "checksum": "a16d5583861bedecdd0e594d5fdf9b21"
        },
        {
          "type": "renderModule",
          "assetId": "G9nam33XXdQ1",
          "checksum": "f25731deb235187275fabb8f4d421685"
        },
        {
          "type": "cssRules",
          "assetId": "G9nam33XXdQ1",
          "checksum": "f25731deb235187275fabb8f4d421685"
        },
        {
          "type": "renderModule",
          "assetId": "32KigjMGo07r",
          "checksum": "518b1003f45620ac27491452327677ff"
        },
        {
          "type": "cssRules",
          "assetId": "32KigjMGo07r",
          "checksum": "518b1003f45620ac27491452327677ff"
        },
        {
          "type": "renderModule",
          "assetId": "IOVNVkWQtD_R",
          "checksum": "bd31ee11c6873908db3ae477c7f4e470"
        },
        {
          "type": "cssRules",
          "assetId": "IOVNVkWQtD_R",
          "checksum": "bd31ee11c6873908db3ae477c7f4e470"
        },
        {
          "type": "renderModule",
          "assetId": "7APLLFjPEFPA",
          "checksum": "9597a66e062584b23d67e2f6692c4a01"
        },
        {
          "type": "cssRules",
          "assetId": "7APLLFjPEFPA",
          "checksum": "9597a66e062584b23d67e2f6692c4a01"
        },
        {
          "type": "renderModule",
          "assetId": "o3OmhqmRx_2W",
          "checksum": "f2f1e2bda3ff3ed017b9d5121cc5273f"
        },
        {
          "type": "cssRules",
          "assetId": "o3OmhqmRx_2W",
          "checksum": "f2f1e2bda3ff3ed017b9d5121cc5273f"
        },
        {
          "type": "renderModule",
          "assetId": "tesvkPR1z3Cj",
          "checksum": "8b386c0ff1336c6dda36c100b5d6641a"
        },
        {
          "type": "cssRules",
          "assetId": "tesvkPR1z3Cj",
          "checksum": "8b386c0ff1336c6dda36c100b5d6641a"
        },
        {
          "type": "renderModule",
          "assetId": "ItKVUfSkOclq",
          "checksum": "822df8778beb1813013d753ffd074081"
        },
        {
          "type": "cssRules",
          "assetId": "ItKVUfSkOclq",
          "checksum": "822df8778beb1813013d753ffd074081"
        },
        {
          "type": "renderModule",
          "assetId": "0YsWAKzXDvYV",
          "checksum": "fe14ddeffedd9b654bfcc3295c362a06"
        },
        {
          "type": "cssRules",
          "assetId": "0YsWAKzXDvYV",
          "checksum": "fe14ddeffedd9b654bfcc3295c362a06"
        },
        {
          "type": "renderModule",
          "assetId": "qhcrGo5R4WZi",
          "checksum": "a0ac8bf3aa772f288ada941ea687dceb"
        },
        {
          "type": "cssRules",
          "assetId": "qhcrGo5R4WZi",
          "checksum": "a0ac8bf3aa772f288ada941ea687dceb"
        },
        {
          "type": "renderModule",
          "assetId": "mnA1CLTURO1Q",
          "checksum": "c089e60e67a3b323f7d21077abee6f2d"
        },
        {
          "type": "cssRules",
          "assetId": "mnA1CLTURO1Q",
          "checksum": "c089e60e67a3b323f7d21077abee6f2d"
        },
        {
          "type": "renderModule",
          "assetId": "z6bWt1eCFibA",
          "checksum": "ae81661e6616506b17136517755bdbf1"
        },
        {
          "type": "cssRules",
          "assetId": "z6bWt1eCFibA",
          "checksum": "ae81661e6616506b17136517755bdbf1"
        },
        {
          "type": "icon",
          "assetId": "rIX1VUtadyLs",
          "checksum": "3e63447dcfaf63141bae9a511d5ced19"
        },
        {
          "type": "icon",
          "assetId": "kx96ipEbUY1g",
          "checksum": "4b57ac8f5c1cc420b3df031c8a3880be"
        },
        {
          "type": "icon",
          "assetId": "cw4HaYxJKCn-",
          "checksum": "7f2430f94ab764c1a37c06866a1d1005"
        },
        {
          "type": "icon",
          "assetId": "4C-NzeKVD03y",
          "checksum": "2445833ade4e98751140d78838f93997"
        },
        {
          "type": "icon",
          "assetId": "JBxZWApFhBC3",
          "checksum": "0c2fcbb1f5d17f7e07d385dbbdcd43b9"
        },
        {
          "type": "icon",
          "assetId": "XOhSW-SUP7p_",
          "checksum": "36387f9a3c434abb825e18185e74321d"
        },
        {
          "type": "icon",
          "assetId": "EAKgMlwZYvtS",
          "checksum": "570dc196d513e70ae342ea92450e226a"
        },
        {
          "type": "icon",
          "assetId": "NNIruT911j4n",
          "checksum": "85258f56d180b93979fc6692273a96a4"
        },
        {
          "type": "image",
          "assetId": "VwEu00ortIuf",
          "checksum": "d9af6dd5629b112985d40adaac8c5ef7"
        },
        {
          "type": "image",
          "assetId": "BuNsCFcxSHkl",
          "checksum": "67a007b87ad7a66c9e9392f3c4d4ac92"
        },
        {
          "type": "image",
          "assetId": "cFXeIfO8L9ku",
          "checksum": "6625064f0fd3a7ccb97eb7d6650250b6"
        },
        {
          "type": "image",
          "assetId": "q9kXBpY4ToJU",
          "checksum": "2d0191509bcd0175ae0ef4d7da5c994d"
        },
        {
          "type": "image",
          "assetId": "KKNqnDOtaEVj",
          "checksum": "d089b52c3d3aebd763f76468a0a824a0"
        },
        {
          "type": "image",
          "assetId": "hOzeog9SG94l",
          "checksum": "18357c2a0f7186bf724d02e4557abcc7"
        },
        {
          "type": "image",
          "assetId": "OgR8ZZwfzp_t",
          "checksum": "6530ae1b79f38677f7089a2d8ac63cdd"
        },
        {
          "type": "image",
          "assetId": "yREocSlUIOfA",
          "checksum": "820466580dde0b877cb2536b26858e82"
        },
        {
          "type": "image",
          "assetId": "ws0YejdJbIuV",
          "checksum": "0ebb54f4b32e7fc50f45b1e899c6365a"
        },
        {
          "type": "image",
          "assetId": "yJpX5SUHwEA1",
          "checksum": "15bc1e7d7511ef5f66ff1db59dec670e"
        },
        {
          "type": "image",
          "assetId": "YBRs0fIvEfYx",
          "checksum": "534c74c0c2199bdf0509366474c86a20"
        },
        {
          "type": "image",
          "assetId": "c_qBQJNPJN2Q",
          "checksum": "1f5d69ce8b63a6d53d57830507f76f86"
        },
        {
          "type": "image",
          "assetId": "LSYn0YOWSwVO",
          "checksum": "7314680fe80fd4dfff27a89aadb3259e"
        },
        {
          "type": "image",
          "assetId": "yBlCCLAIAkQ5",
          "checksum": "0500ed0aa1ab924db6b88a55884da042"
        },
        {
          "type": "image",
          "assetId": "A4SBlFgYXsJw",
          "checksum": "c050b6a7f1b53484f9adae0051735fad"
        },
        {
          "type": "image",
          "assetId": "k_n3NBOCv2Ri",
          "checksum": "c1b203a8d5388f5b02c2a1feb5135762"
        },
        {
          "type": "image",
          "assetId": "5GgeVUzyXR3a",
          "checksum": "05c6ae69df79bbbc95f6aba3648aa49d"
        },
        {
          "type": "image",
          "assetId": "0gT0Kj3ti9ly",
          "checksum": "a2ef582883a2bcdd93d7c8a1b74462f8"
        },
        {
          "type": "image",
          "assetId": "UA0rRTTSgzo9",
          "checksum": "c897180d64a26428870603b67dfb8430"
        },
        {
          "type": "image",
          "assetId": "D8zEXp2wKVgN",
          "checksum": "52ff773101c2fbf5b46229a59538adbe"
        },
        {
          "type": "image",
          "assetId": "LG-NiaL-wa8d",
          "checksum": "a7cc03f8fa4f3fae67bb1b2a17622e90"
        },
        {
          "type": "image",
          "assetId": "mXNVO9D0qPmW",
          "checksum": "075bec27c2ad1f50274dcd1246c560aa"
        },
        {
          "type": "image",
          "assetId": "bQ-exiaDogKJ",
          "checksum": "18b2ef7f7577ee0b6f39a84f336485a5"
        },
        {
          "type": "image",
          "assetId": "LL-zdD4o2Hxl",
          "checksum": "32e83ee91798ed865d807f8099379e46"
        },
        {
          "type": "image",
          "assetId": "cUX2yrNMue_6",
          "checksum": "129f18f4838963db66f059d32a007a41"
        },
        {
          "type": "image",
          "assetId": "FVYaJqk0bHbt",
          "checksum": "f75f65b42283d25fc92f94867ee46e4a"
        },
        {
          "type": "image",
          "assetId": "L7j5mgwrmNps",
          "checksum": "feb95be055aea021511932661bed2fbf"
        },
        {
          "type": "image",
          "assetId": "FWM0QOb-hgLy",
          "checksum": "18842b17f0783a64bf957996a778ad35"
        },
        {
          "type": "image",
          "assetId": "VjsXK-o1E7DD",
          "checksum": "3206719b61d8cb137a89d2ffe9f1c846"
        },
        {
          "type": "image",
          "assetId": "29-xkAJq-diP",
          "checksum": "35b05fe9a125fc62f9945075bbb02347"
        },
        {
          "type": "image",
          "assetId": "gpmDin11A3k3",
          "checksum": "bb505aab2e01dd7d7e2301a609143e3a"
        },
        {
          "type": "image",
          "assetId": "Cq8NN9I3MWkX",
          "checksum": "dbb0750d7245df086324ad760f556eb4"
        },
        {
          "type": "image",
          "assetId": "3SJ3Ui8p8qa3",
          "checksum": "9466e8d048b53725d2eb3a1493525b83"
        },
        {
          "type": "image",
          "assetId": "Ihz4i0kaTEWq",
          "checksum": "88be2882c450ad17ee29aa6df15ec7be"
        },
        {
          "type": "image",
          "assetId": "im8DjSBe6zlJ",
          "checksum": "f5ad469ae9b3f89e7434a9f892c86688"
        },
        {
          "type": "image",
          "assetId": "c68nlXsgHAF5",
          "checksum": "aa0b896db44f189339c68be3bc9d05f2"
        },
        {
          "type": "image",
          "assetId": "mbhodNNIVB25",
          "checksum": "4ab699dae47703cbafbbbda680841eca"
        },
        {
          "type": "image",
          "assetId": "7YC834Amo3Ga",
          "checksum": "be8710bbb3960707f290585b389c1feb"
        },
        {
          "type": "image",
          "assetId": "ej9bnhVkrqSa",
          "checksum": "59c3424d1ce93e907cc77c414cf98df4"
        },
        {
          "type": "image",
          "assetId": "hhMHy-yu_gNs",
          "checksum": "821520fc58d05e90a78a0df3f5ab86bf"
        },
        {
          "type": "image",
          "assetId": "kuHr58zkpuRC",
          "checksum": "fdec70d2106c30c284cb076c09b3210a"
        },
        {
          "type": "image",
          "assetId": "pScf7JP8D7Uk",
          "checksum": "5df4ebd54dd0ac20758a1d780e8944ae"
        },
        {
          "type": "image",
          "assetId": "Ag-m6VwWFq0_",
          "checksum": "50bcaa70496d450c2af8ef2dcb6eb2bc"
        },
        {
          "type": "image",
          "assetId": "xkOs3VaDZfp0",
          "checksum": "6b3ec3bd7fe66c640ca85489b68646f3"
        },
        {
          "type": "image",
          "assetId": "Crl3caGyUJCr",
          "checksum": "c4bcf16d58de75fa3f8edda9d0ee5e0e"
        },
        {
          "type": "image",
          "assetId": "JbBeRv-uKgmU",
          "checksum": "acc55facdc24742435ab529bfbdec5a1"
        }
      ],
      "codegenVersion": "0.0.1"
    }
  ],
  "cliVersion": "0.1.334"
}
